
Microsoft Visual Studio Solution File, Format Version 12.00
# Visual Studio Version 17
VisualStudioVersion = 17.6.33723.286
MinimumVisualStudioVersion = 10.0.40219.1
Project("{9A19103F-16F7-4668-BE54-9A1E7A4F7556}") = "HttpMessenger.Client", "Client\HttpMessenger.Client.csproj", "{F5FBC744-D1C1-4370-85A1-B3FE814D3570}"
EndProject
Project("{9A19103F-16F7-4668-BE54-9A1E7A4F7556}") = "HttpMessenger.Server", "Server\HttpMessenger.Server.csproj", "{A0E1E974-E1B0-4CAB-B8FC-C2F075945700}"
EndProject
Project("{9A19103F-16F7-4668-BE54-9A1E7A4F7556}") = "HttpMessenger.Database", "Database\HttpMessenger.Database.csproj", "{7748CCEA-7A21-4DF8-8D5C-2F9095CB9794}"
EndProject
Project("{9A19103F-16F7-4668-BE54-9A1E7A4F7556}") = "RepositoryDB", "RepositoryDB\RepositoryDB.csproj", "{B6D8E1EE-C0FE-4657-86EA-9597C495E24B}"
EndProject
Global
	GlobalSection(SolutionConfigurationPlatforms) = preSolution
		Debug|Any CPU = Debug|Any CPU
		Release|Any CPU = Release|Any CPU
	EndGlobalSection
	GlobalSection(ProjectConfigurationPlatforms) = postSolution
		{F5FBC744-D1C1-4370-85A1-B3FE814D3570}.Debug|Any CPU.ActiveCfg = Debug|Any CPU
		{F5FBC744-D1C1-4370-85A1-B3FE814D3570}.Debug|Any CPU.Build.0 = Debug|Any CPU
		{F5FBC744-D1C1-4370-85A1-B3FE814D3570}.Release|Any CPU.ActiveCfg = Release|Any CPU
		{F5FBC744-D1C1-4370-85A1-B3FE814D3570}.Release|Any CPU.Build.0 = Release|Any CPU
		{A0E1E974-E1B0-4CAB-B8FC-C2F075945700}.Debug|Any CPU.ActiveCfg = Debug|Any CPU
		{A0E1E974-E1B0-4CAB-B8FC-C2F075945700}.Debug|Any CPU.Build.0 = Debug|Any CPU
		{A0E1E974-E1B0-4CAB-B8FC-C2F075945700}.Release|Any CPU.ActiveCfg = Release|Any CPU
		{A0E1E974-E1B0-4CAB-B8FC-C2F075945700}.Release|Any CPU.Build.0 = Release|Any CPU
		{7748CCEA-7A21-4DF8-8D5C-2F9095CB9794}.Debug|Any CPU.ActiveCfg = Debug|Any CPU
		{7748CCEA-7A21-4DF8-8D5C-2F9095CB9794}.Debug|Any CPU.Build.0 = Debug|Any CPU
		{7748CCEA-7A21-4DF8-8D5C-2F9095CB9794}.Release|Any CPU.ActiveCfg = Release|Any CPU
		{7748CCEA-7A21-4DF8-8D5C-2F9095CB9794}.Release|Any CPU.Build.0 = Release|Any CPU
		{B6D8E1EE-C0FE-4657-86EA-9597C495E24B}.Debug|Any CPU.ActiveCfg = Debug|Any CPU
		{B6D8E1EE-C0FE-4657-86EA-9597C495E24B}.Debug|Any CPU.Build.0 = Debug|Any CPU
		{B6D8E1EE-C0FE-4657-86EA-9597C495E24B}.Release|Any CPU.ActiveCfg = Release|Any CPU
		{B6D8E1EE-C0FE-4657-86EA-9597C495E24B}.Release|Any CPU.Build.0 = Release|Any CPU
	EndGlobalSection
	GlobalSection(SolutionProperties) = preSolution
		HideSolutionNode = FALSE
	EndGlobalSection
	GlobalSection(ExtensibilityGlobals) = postSolution
		SolutionGuid = {DC1D4915-0157-4E45-8601-F2A264634E13}
	EndGlobalSection
EndGlobal
